# This file was autogenerated by uv via the following command:
#    uv pip compile tests/requirements-testing.in --output-file tests/requirements-testing.lock
iniconfig==2.0.0
    # via pytest
packaging==24.1
    # via pytest
pluggy==1.5.0
    # via pytest
pytest==8.3.3
    # via
    #   -r tests/requirements-testing.in
    #   syrupy
syrupy==4.7.2
    # via -r tests/requirements-testing.in
