# This file was autogenerated by uv via the following command:
#    uv pip compile pyproject.toml tests/requirements-testing.in --output-file tests/requirements-testing.lock
diff-match-patch==20241021
    # via parallel-corpus (pyproject.toml)
iniconfig==2.0.0
    # via pytest
more-itertools==10.5.0
    # via parallel-corpus (pyproject.toml)
packaging==24.1
    # via pytest
pluggy==1.5.0
    # via pytest
pytest==8.3.3
    # via
    #   -r tests/requirements-testing.in
    #   syrupy
strenum==0.4.15
    # via parallel-corpus (pyproject.toml)
syrupy==4.7.2
    # via -r tests/requirements-testing.in
typing-extensions==4.12.2
    # via parallel-corpus (pyproject.toml)
