# This file was autogenerated by uv via the following command:
#    uv export --dev --format requirements-txt --no-hashes --no-emit-project --output-file tests/requirements-testing.lock
annotated-types==0.7.0
bracex==2.5.post1
bump-my-version==0.28.0
click==8.1.7
colorama==0.4.6 ; sys_platform == 'win32' or platform_system == 'Windows'
coverage==7.6.4
diff-match-patch==20241021
exceptiongroup==1.2.2 ; python_full_version < '3.11'
iniconfig==2.0.0
markdown-it-py==3.0.0
mdurl==0.1.2
more-itertools==10.5.0
mypy==1.12.1
mypy-extensions==1.0.0
packaging==24.1
pluggy==1.5.0
prompt-toolkit==3.0.36
pydantic==2.9.2
pydantic-core==2.23.4
pydantic-settings==2.6.0
pygments==2.18.0
pytest==8.3.3
pytest-cov==5.0.0
python-dotenv==1.0.1
questionary==2.0.1
rich==13.9.2
rich-click==1.8.3
ruff==0.7.0
strenum==0.4.15
syrupy==4.7.2
tomli==2.0.2 ; python_full_version <= '3.11'
tomlkit==0.13.2
typing-extensions==4.12.2
wcmatch==10.0
wcwidth==0.2.13
